
Microsoft Visual Studio Solution File, Format Version 12.00
# Visual Studio 2013
VisualStudioVersion = 12.0.21005.1
MinimumVisualStudioVersion = 10.0.40219.1
Project("{FAE04EC0-301F-11D3-BF4B-00C04F79EFBC}") = "2015MVC", "2015MVC\2015MVC.csproj", "{B278037D-4348-4872-89B1-4C9FE05E64F2}"
EndProject
Project("{FAE04EC0-301F-11D3-BF4B-00C04F79EFBC}") = "BLL", "CoreLibrary\BLL.csproj", "{A1E0CECF-6B89-42D2-BEA2-17A2985B0CA8}"
EndProject
Project("{2150E333-8FDC-42A3-9474-1A3956D46DE8}") = "CoreLibrary", "CoreLibrary", "{9EFB5149-1295-4317-8EE9-8120AE451442}"
EndProject
Project("{FAE04EC0-301F-11D3-BF4B-00C04F79EFBC}") = "DAL", "DAL\DAL.csproj", "{58CD0FC3-9345-4B45-8F1E-358DAF46AADF}"
EndProject
Project("{FAE04EC0-301F-11D3-BF4B-00C04F79EFBC}") = "Model", "Model\Model.csproj", "{4A7A14DD-5DB2-4B46-BC0D-5935FEE7BBE9}"
EndProject
Project("{2150E333-8FDC-42A3-9474-1A3956D46DE8}") = "Service", "Service", "{910F7366-656B-44DC-B005-597DDEBE99CD}"
EndProject
Global
	GlobalSection(SolutionConfigurationPlatforms) = preSolution
		Debug|Any CPU = Debug|Any CPU
		Release|Any CPU = Release|Any CPU
	EndGlobalSection
	GlobalSection(ProjectConfigurationPlatforms) = postSolution
		{B278037D-4348-4872-89B1-4C9FE05E64F2}.Debug|Any CPU.ActiveCfg = Debug|Any CPU
		{B278037D-4348-4872-89B1-4C9FE05E64F2}.Debug|Any CPU.Build.0 = Debug|Any CPU
		{B278037D-4348-4872-89B1-4C9FE05E64F2}.Release|Any CPU.ActiveCfg = Release|Any CPU
		{B278037D-4348-4872-89B1-4C9FE05E64F2}.Release|Any CPU.Build.0 = Release|Any CPU
		{A1E0CECF-6B89-42D2-BEA2-17A2985B0CA8}.Debug|Any CPU.ActiveCfg = Debug|Any CPU
		{A1E0CECF-6B89-42D2-BEA2-17A2985B0CA8}.Debug|Any CPU.Build.0 = Debug|Any CPU
		{A1E0CECF-6B89-42D2-BEA2-17A2985B0CA8}.Release|Any CPU.ActiveCfg = Release|Any CPU
		{A1E0CECF-6B89-42D2-BEA2-17A2985B0CA8}.Release|Any CPU.Build.0 = Release|Any CPU
		{58CD0FC3-9345-4B45-8F1E-358DAF46AADF}.Debug|Any CPU.ActiveCfg = Debug|Any CPU
		{58CD0FC3-9345-4B45-8F1E-358DAF46AADF}.Debug|Any CPU.Build.0 = Debug|Any CPU
		{58CD0FC3-9345-4B45-8F1E-358DAF46AADF}.Release|Any CPU.ActiveCfg = Release|Any CPU
		{58CD0FC3-9345-4B45-8F1E-358DAF46AADF}.Release|Any CPU.Build.0 = Release|Any CPU
		{4A7A14DD-5DB2-4B46-BC0D-5935FEE7BBE9}.Debug|Any CPU.ActiveCfg = Debug|Any CPU
		{4A7A14DD-5DB2-4B46-BC0D-5935FEE7BBE9}.Debug|Any CPU.Build.0 = Debug|Any CPU
		{4A7A14DD-5DB2-4B46-BC0D-5935FEE7BBE9}.Release|Any CPU.ActiveCfg = Release|Any CPU
		{4A7A14DD-5DB2-4B46-BC0D-5935FEE7BBE9}.Release|Any CPU.Build.0 = Release|Any CPU
	EndGlobalSection
	GlobalSection(SolutionProperties) = preSolution
		HideSolutionNode = FALSE
	EndGlobalSection
	GlobalSection(NestedProjects) = preSolution
		{A1E0CECF-6B89-42D2-BEA2-17A2985B0CA8} = {9EFB5149-1295-4317-8EE9-8120AE451442}
		{58CD0FC3-9345-4B45-8F1E-358DAF46AADF} = {9EFB5149-1295-4317-8EE9-8120AE451442}
		{4A7A14DD-5DB2-4B46-BC0D-5935FEE7BBE9} = {9EFB5149-1295-4317-8EE9-8120AE451442}
		{B278037D-4348-4872-89B1-4C9FE05E64F2} = {910F7366-656B-44DC-B005-597DDEBE99CD}
	EndGlobalSection
EndGlobal
